
Microsoft Visual Studio Solution File, Format Version 12.00
# Visual Studio Version 16
VisualStudioVersion = 16.0.30804.86
MinimumVisualStudioVersion = 10.0.40219.1
Project("{FAE04EC0-301F-11D3-BF4B-00C04F79EFBC}") = "ConsoleApp1", "ConsoleApp1.csproj", "{A0052203-647C-4211-BAD3-C7C050D53F12}"
EndProject
Global
	GlobalSection(SolutionConfigurationPlatforms) = preSolution
		Debug|Any CPU = Debug|Any CPU
		Release|Any CPU = Release|Any CPU
	EndGlobalSection
	GlobalSection(ProjectConfigurationPlatforms) = postSolution
		{A0052203-647C-4211-BAD3-C7C050D53F12}.Debug|Any CPU.ActiveCfg = Debug|Any CPU
		{A0052203-647C-4211-BAD3-C7C050D53F12}.Debug|Any CPU.Build.0 = Debug|Any CPU
		{A0052203-647C-4211-BAD3-C7C050D53F12}.Release|Any CPU.ActiveCfg = Release|Any CPU
		{A0052203-647C-4211-BAD3-C7C050D53F12}.Release|Any CPU.Build.0 = Release|Any CPU
	EndGlobalSection
	GlobalSection(SolutionProperties) = preSolution
		HideSolutionNode = FALSE
	EndGlobalSection
	GlobalSection(ExtensibilityGlobals) = postSolution
		SolutionGuid = {32DC50AB-650B-451A-95AF-D61F5A0A10F1}
	EndGlobalSection
EndGlobal
